
Microsoft Visual Studio Solution File, Format Version 12.00
# Visual Studio Version 17
VisualStudioVersion = 17.14.36212.18 d17.14
MinimumVisualStudioVersion = 10.0.40219.1
Project("{8BC9CEB8-8B4A-11D0-8D11-00A0C91BC942}") = "loader_aozhou", "loader_aozhou\loader_aozhou.vcxproj", "{DD605915-25FA-47E1-AAAA-B02896CCC5DA}"
EndProject
Global
	GlobalSection(SolutionConfigurationPlatforms) = preSolution
		Debug|x64 = Debug|x64
		Debug|x86 = Debug|x86
		Release|x64 = Release|x64
		Release|x86 = Release|x86
	EndGlobalSection
	GlobalSection(ProjectConfigurationPlatforms) = postSolution
		{DD605915-25FA-47E1-AAAA-B02896CCC5DA}.Debug|x64.ActiveCfg = Debug|x64
		{DD605915-25FA-47E1-AAAA-B02896CCC5DA}.Debug|x64.Build.0 = Debug|x64
		{DD605915-25FA-47E1-AAAA-B02896CCC5DA}.Debug|x86.ActiveCfg = Debug|Win32
		{DD605915-25FA-47E1-AAAA-B02896CCC5DA}.Debug|x86.Build.0 = Debug|Win32
		{DD605915-25FA-47E1-AAAA-B02896CCC5DA}.Release|x64.ActiveCfg = Release|x64
		{DD605915-25FA-47E1-AAAA-B02896CCC5DA}.Release|x64.Build.0 = Release|x64
		{DD605915-25FA-47E1-AAAA-B02896CCC5DA}.Release|x86.ActiveCfg = Release|Win32
		{DD605915-25FA-47E1-AAAA-B02896CCC5DA}.Release|x86.Build.0 = Release|Win32
	EndGlobalSection
	GlobalSection(SolutionProperties) = preSolution
		HideSolutionNode = FALSE
	EndGlobalSection
	GlobalSection(ExtensibilityGlobals) = postSolution
		SolutionGuid = {AE7D9B62-EB5E-4252-9EB1-FC5F26AD3D38}
	EndGlobalSection
EndGlobal
